
Microsoft Visual Studio Solution File, Format Version 12.00
Project("{FAE04EC0-301F-11D3-BF4B-00C04F79EFBC}") = "ZemisApi.Web", "ZemisApi.Web\ZemisApi.Web.csproj", "{AC248827-A178-4082-BB89-5C466E62A1DB}"
EndProject
Project("{FAE04EC0-301F-11D3-BF4B-00C04F79EFBC}") = "ZemisApi.Core", "ZemisApi.Core\ZemisApi.Core.csproj", "{F4FB1676-A7FB-4C1E-BCC5-AFBB69A9489A}"
EndProject
Project("{FAE04EC0-301F-11D3-BF4B-00C04F79EFBC}") = "ZemisApi.Infrastructure", "ZemisApi.Infrastructure\ZemisApi.Infrastructure.csproj", "{13B21B6D-1C57-496E-AD78-F1831CEB5EFE}"
EndProject
Global
	GlobalSection(SolutionConfigurationPlatforms) = preSolution
		Debug|Any CPU = Debug|Any CPU
		Release|Any CPU = Release|Any CPU
	EndGlobalSection
	GlobalSection(ProjectConfigurationPlatforms) = postSolution
		{AC248827-A178-4082-BB89-5C466E62A1DB}.Debug|Any CPU.ActiveCfg = Debug|Any CPU
		{AC248827-A178-4082-BB89-5C466E62A1DB}.Debug|Any CPU.Build.0 = Debug|Any CPU
		{AC248827-A178-4082-BB89-5C466E62A1DB}.Release|Any CPU.ActiveCfg = Release|Any CPU
		{AC248827-A178-4082-BB89-5C466E62A1DB}.Release|Any CPU.Build.0 = Release|Any CPU
		{F4FB1676-A7FB-4C1E-BCC5-AFBB69A9489A}.Debug|Any CPU.ActiveCfg = Debug|Any CPU
		{F4FB1676-A7FB-4C1E-BCC5-AFBB69A9489A}.Debug|Any CPU.Build.0 = Debug|Any CPU
		{F4FB1676-A7FB-4C1E-BCC5-AFBB69A9489A}.Release|Any CPU.ActiveCfg = Release|Any CPU
		{F4FB1676-A7FB-4C1E-BCC5-AFBB69A9489A}.Release|Any CPU.Build.0 = Release|Any CPU
		{13B21B6D-1C57-496E-AD78-F1831CEB5EFE}.Debug|Any CPU.ActiveCfg = Debug|Any CPU
		{13B21B6D-1C57-496E-AD78-F1831CEB5EFE}.Debug|Any CPU.Build.0 = Debug|Any CPU
		{13B21B6D-1C57-496E-AD78-F1831CEB5EFE}.Release|Any CPU.ActiveCfg = Release|Any CPU
		{13B21B6D-1C57-496E-AD78-F1831CEB5EFE}.Release|Any CPU.Build.0 = Release|Any CPU
	EndGlobalSection
EndGlobal
